%{"ex_json_schema": {:hex, :ex_json_schema, "0.4.1", "6953b2f23d33279dad7a8fd25b210873f2bfe5022bbe5bab6f37e50787856371", [:mix], []},
  "mime": {:hex, :mime, "1.0.0", "b63027733bba00b1013bad14e25dc8b6629ecb817731544a88a0fd14f2a55685", [:mix], []},
  "phoenix": {:hex, :phoenix, "1.2.0-rc.1", "08fdf0f290ef2fb76127f2cf63dfd59a501b19f91d51098f62b53fff991a27e6", [:mix], [{:poison, "~> 1.5 or ~> 2.0", [hex: :poison, optional: false]}, {:plug, "~> 1.0", [hex: :plug, optional: false]}, {:phoenix_pubsub, "~> 1.0.0-rc", [hex: :phoenix_pubsub, optional: false]}, {:mime, "~> 1.0", [hex: :mime, optional: false]}, {:cowboy, "~> 1.0", [hex: :cowboy, optional: true]}]},
  "phoenix_pubsub": {:hex, :phoenix_pubsub, "1.0.0-rc.0", "5c9453f9c7c8e4982ba48f408e4cec973ffb312bbe0da5fbe47899b9c91c48c0", [:mix], []},
  "plug": {:hex, :plug, "1.1.6", "8927e4028433fcb859e000b9389ee9c37c80eb28378eeeea31b0273350bf668b", [:mix], [{:cowboy, "~> 1.0", [hex: :cowboy, optional: true]}]},
  "poison": {:hex, :poison, "2.1.0", "f583218ced822675e484648fa26c933d621373f01c6c76bd00005d7bd4b82e27", [:mix], []}}
